
Microsoft Visual Studio Solution File, Format Version 12.00
# Visual Studio 15
VisualStudioVersion = 15.0.28307.168
MinimumVisualStudioVersion = 10.0.40219.1
Project("{FAE04EC0-301F-11D3-BF4B-00C04F79EFBC}") = "Dharmishtha.AdharGol", "Dharmishtha.AdharGol\Dharmishtha.AdharGol.csproj", "{FC01BBDC-3716-490E-8C8C-888443B20B59}"
EndProject
Global
	GlobalSection(SolutionConfigurationPlatforms) = preSolution
		Debug|Any CPU = Debug|Any CPU
		Release|Any CPU = Release|Any CPU
	EndGlobalSection
	GlobalSection(ProjectConfigurationPlatforms) = postSolution
		{FC01BBDC-3716-490E-8C8C-888443B20B59}.Debug|Any CPU.ActiveCfg = Debug|Any CPU
		{FC01BBDC-3716-490E-8C8C-888443B20B59}.Debug|Any CPU.Build.0 = Debug|Any CPU
		{FC01BBDC-3716-490E-8C8C-888443B20B59}.Release|Any CPU.ActiveCfg = Release|Any CPU
		{FC01BBDC-3716-490E-8C8C-888443B20B59}.Release|Any CPU.Build.0 = Release|Any CPU
	EndGlobalSection
	GlobalSection(SolutionProperties) = preSolution
		HideSolutionNode = FALSE
	EndGlobalSection
	GlobalSection(ExtensibilityGlobals) = postSolution
		SolutionGuid = {33DAA4AD-A0AD-40FA-8F64-9623FABE78B8}
	EndGlobalSection
EndGlobal
